
Microsoft Visual Studio Solution File, Format Version 12.00
# Visual Studio Version 17
VisualStudioVersion = 17.13.35825.156 d17.13
MinimumVisualStudioVersion = 10.0.40219.1
Project("{FAE04EC0-301F-11D3-BF4B-00C04F79EFBC}") = "TAREA_MODULO.AppMVCDataFirst", "TAREA_MODULO.AppMVCDataFirst\TAREA_MODULO.AppMVCDataFirst.csproj", "{0143EAE7-F3F3-4B5A-96C5-D5772149E0EF}"
EndProject
Project("{FAE04EC0-301F-11D3-BF4B-00C04F79EFBC}") = "TAREA_MODULO.AppMVCCodeFirst", "TAREA_MODULO.AppMVCCodeFirst\TAREA_MODULO.AppMVCCodeFirst.csproj", "{C25E4B4C-1B64-4646-A3AB-4713CCB10A04}"
EndProject
Global
	GlobalSection(SolutionConfigurationPlatforms) = preSolution
		Debug|Any CPU = Debug|Any CPU
		Release|Any CPU = Release|Any CPU
	EndGlobalSection
	GlobalSection(ProjectConfigurationPlatforms) = postSolution
		{0143EAE7-F3F3-4B5A-96C5-D5772149E0EF}.Debug|Any CPU.ActiveCfg = Debug|Any CPU
		{0143EAE7-F3F3-4B5A-96C5-D5772149E0EF}.Debug|Any CPU.Build.0 = Debug|Any CPU
		{0143EAE7-F3F3-4B5A-96C5-D5772149E0EF}.Release|Any CPU.ActiveCfg = Release|Any CPU
		{0143EAE7-F3F3-4B5A-96C5-D5772149E0EF}.Release|Any CPU.Build.0 = Release|Any CPU
		{C25E4B4C-1B64-4646-A3AB-4713CCB10A04}.Debug|Any CPU.ActiveCfg = Debug|Any CPU
		{C25E4B4C-1B64-4646-A3AB-4713CCB10A04}.Debug|Any CPU.Build.0 = Debug|Any CPU
		{C25E4B4C-1B64-4646-A3AB-4713CCB10A04}.Release|Any CPU.ActiveCfg = Release|Any CPU
		{C25E4B4C-1B64-4646-A3AB-4713CCB10A04}.Release|Any CPU.Build.0 = Release|Any CPU
	EndGlobalSection
	GlobalSection(SolutionProperties) = preSolution
		HideSolutionNode = FALSE
	EndGlobalSection
	GlobalSection(ExtensibilityGlobals) = postSolution
		SolutionGuid = {C2016667-C7A0-4E8C-9010-57CA755951F8}
	EndGlobalSection
EndGlobal
